
Microsoft Visual Studio Solution File, Format Version 12.00
# Visual Studio 15
VisualStudioVersion = 15.0.26403.7
MinimumVisualStudioVersion = 10.0.40219.1
Project("{2150E333-8FDC-42A3-9474-1A3956D46DE8}") = "Problems01-09", "Problems01-09", "{7620DF7A-D12B-47FF-BB58-85DDA8A1A471}"
EndProject
Project("{2150E333-8FDC-42A3-9474-1A3956D46DE8}") = "Utility", "Utility", "{D0E7F4CB-9B0F-4FC2-8B60-D889BE33E25C}"
EndProject
Project("{2150E333-8FDC-42A3-9474-1A3956D46DE8}") = "Primes", "Primes", "{7F23EC99-8BD1-42CA-BB17-190B9CBE5B35}"
EndProject
Project("{FAE04EC0-301F-11D3-BF4B-00C04F79EFBC}") = "PrimesUtility", "Utility\Primes\PrimesUtility.csproj", "{6B43E342-8A1A-4D8D-8BC2-8C358598D0F2}"
EndProject
Project("{2150E333-8FDC-42A3-9474-1A3956D46DE8}") = "Problems10-19", "Problems10-19", "{167543F9-AC43-4BEE-97C9-DA6EDBEEDAC4}"
EndProject
Project("{2150E333-8FDC-42A3-9474-1A3956D46DE8}") = "Long", "Long", "{8C693ECB-62DC-4FD5-8CF6-95F5968648E6}"
EndProject
Project("{FAE04EC0-301F-11D3-BF4B-00C04F79EFBC}") = "LongUtility", "Utility\Long\LongUtility.csproj", "{ED8FC502-467A-4538-A973-4943B8191CE0}"
EndProject
Project("{2150E333-8FDC-42A3-9474-1A3956D46DE8}") = "Problems1-99", "Problems1-99", "{4623D0F5-B2E7-460A-BAA0-0F7068FE8116}"
EndProject
Project("{FAE04EC0-301F-11D3-BF4B-00C04F79EFBC}") = "Problem10", "Problems1-99\Problems10-19\Problem10\Problem10.csproj", "{63DEC716-EC12-4CBD-8A40-1E6927163BEC}"
EndProject
Project("{2150E333-8FDC-42A3-9474-1A3956D46DE8}") = "Factors", "Factors", "{180493B3-42BA-480A-874C-2D2FD007E7C0}"
EndProject
Project("{FAE04EC0-301F-11D3-BF4B-00C04F79EFBC}") = "Problem11", "Problems1-99\Problems10-19\Problem11\Problem11.csproj", "{8796FE57-383D-42C4-8AC6-C3F4AF31CA67}"
EndProject
Project("{FAE04EC0-301F-11D3-BF4B-00C04F79EFBC}") = "Problem12", "Problems1-99\Problems10-19\Problem12\Problem12.csproj", "{13CEAFEC-C2F4-4D24-BC2D-EE22BD461B77}"
EndProject
Project("{FAE04EC0-301F-11D3-BF4B-00C04F79EFBC}") = "FactorsUtility", "FactorsUtility\FactorsUtility.csproj", "{39CF3C45-E947-498E-9E08-369BA207E54E}"
EndProject
Project("{FAE04EC0-301F-11D3-BF4B-00C04F79EFBC}") = "Problem13", "Problems1-99\Problems10-19\Problem13\Problem13.csproj", "{CE983F58-EA78-46E9-816B-C434334CC07A}"
EndProject
Project("{FAE04EC0-301F-11D3-BF4B-00C04F79EFBC}") = "Problem1", "Problems1-99\Problems01-09\Problem1\Problem1.csproj", "{AD4A89CA-A8F7-43E1-B169-DEFDA1B06E1C}"
EndProject
Project("{FAE04EC0-301F-11D3-BF4B-00C04F79EFBC}") = "Problem3", "Problems1-99\Problems01-09\Problem3\Problem3.csproj", "{B91B459A-B5BC-45EB-9807-80C00D96A728}"
EndProject
Project("{FAE04EC0-301F-11D3-BF4B-00C04F79EFBC}") = "Problem2", "Problems1-99\Problems01-09\Problem2\Problem2.csproj", "{1269FCBE-5125-4359-9EF2-6B7049829104}"
EndProject
Project("{FAE04EC0-301F-11D3-BF4B-00C04F79EFBC}") = "Problem4", "Problems1-99\Problems01-09\Problem4\Problem4.csproj", "{BC7164A7-5B32-469C-8BDE-B7C1839F867D}"
EndProject
Project("{FAE04EC0-301F-11D3-BF4B-00C04F79EFBC}") = "Problem5", "Problems1-99\Problems01-09\Problem5\Problem5.csproj", "{C6D91416-1B49-4E7C-B903-48497D6823B9}"
EndProject
Project("{FAE04EC0-301F-11D3-BF4B-00C04F79EFBC}") = "Problem6", "Problems1-99\Problems01-09\Problem6\Problem6.csproj", "{D69806EC-50BD-4CE9-A07F-C1142302DD13}"
EndProject
Project("{FAE04EC0-301F-11D3-BF4B-00C04F79EFBC}") = "Problem7", "Problems1-99\Problems01-09\Problem7\Problem7.csproj", "{3802C321-5A69-4696-B52C-1D0EA8E4B888}"
EndProject
Project("{FAE04EC0-301F-11D3-BF4B-00C04F79EFBC}") = "Problem8", "Problems1-99\Problems01-09\Problem8\Problem8.csproj", "{9B2127E1-000E-42EA-AC4B-B1F72CE7162F}"
EndProject
Project("{FAE04EC0-301F-11D3-BF4B-00C04F79EFBC}") = "Problem9", "Problems1-99\Problems01-09\Problem9\Problem9.csproj", "{7F12D7AB-1702-41A6-A621-AD22DADC13BA}"
EndProject
Project("{FAE04EC0-301F-11D3-BF4B-00C04F79EFBC}") = "Problem14", "Problems1-99\Problems10-19\Problem14\Problem14.csproj", "{ED819A1E-DB4A-4E8C-B0A3-505F968FF3DD}"
EndProject
Project("{FAE04EC0-301F-11D3-BF4B-00C04F79EFBC}") = "Problem15", "Problems1-99\Problems10-19\Problem15\Problem15.csproj", "{1E320F20-9BA2-48C6-AD8A-6F9FE342B435}"
EndProject
Project("{FAE04EC0-301F-11D3-BF4B-00C04F79EFBC}") = "CombinatoricsUtility", "Utility\CombinatoricsUtility\CombinatoricsUtility.csproj", "{2AFCE69F-2F30-44AB-8A4D-9AFBB1273759}"
EndProject
Project("{FAE04EC0-301F-11D3-BF4B-00C04F79EFBC}") = "Problem16", "Problems1-99\Problems10-19\Problem16\Problem16.csproj", "{2233D1D4-BA0C-48C8-9E00-AECA7FF5985C}"
EndProject
Project("{FAE04EC0-301F-11D3-BF4B-00C04F79EFBC}") = "Problem17", "Problems1-99\Problems10-19\Problem17\Problem17.csproj", "{BE29C537-9A83-450D-A49B-F4E3F67FCCDD}"
EndProject
Project("{FAE04EC0-301F-11D3-BF4B-00C04F79EFBC}") = "Problem18", "Problems1-99\Problems10-19\Problem18\Problem18.csproj", "{63AEED42-2FCD-4ACC-8633-2B1E40E1A640}"
EndProject
Project("{2150E333-8FDC-42A3-9474-1A3956D46DE8}") = "Problems60-69", "Problems60-69", "{C4CB4F8F-EBE4-4313-BEC8-9F92B2C1A319}"
EndProject
Project("{FAE04EC0-301F-11D3-BF4B-00C04F79EFBC}") = "Problem67", "Problems1-99\Problems60-69\Problem67\Problem67.csproj", "{B8273BFC-F1E8-4AC6-8265-60AD28B812B3}"
EndProject
Project("{FAE04EC0-301F-11D3-BF4B-00C04F79EFBC}") = "Problem19", "Problems1-99\Problems10-19\Problem19\Problem19.csproj", "{68090ABB-2724-4859-95E3-470F55F0DCC5}"
EndProject
Project("{2150E333-8FDC-42A3-9474-1A3956D46DE8}") = "Problems20-29", "Problems20-29", "{230DBE0C-2406-4F72-9206-C5D84F847177}"
EndProject
Project("{FAE04EC0-301F-11D3-BF4B-00C04F79EFBC}") = "Problem20", "Problems1-99\Problems20-29\Problem20\Problem20.csproj", "{07D32EC8-2F26-4BED-A7E8-31524DB042E2}"
EndProject
Project("{FAE04EC0-301F-11D3-BF4B-00C04F79EFBC}") = "Problem21", "Problems1-99\Problems20-29\Problem21\Problem21.csproj", "{28965B81-DC02-4E50-AE97-2937A3E2B8C7}"
EndProject
Project("{FAE04EC0-301F-11D3-BF4B-00C04F79EFBC}") = "Problem22", "Problems1-99\Problems20-29\Problem22\Problem22.csproj", "{18E82561-82D1-42E8-BA48-D1AA52C3B64F}"
EndProject
Project("{FAE04EC0-301F-11D3-BF4B-00C04F79EFBC}") = "Problem23", "Problems1-99\Problems20-29\Problem23\Problem23.csproj", "{9F1B5796-644B-4DA4-8232-37E79B186A73}"
EndProject
Global
	GlobalSection(SolutionConfigurationPlatforms) = preSolution
		Debug|Any CPU = Debug|Any CPU
		Release|Any CPU = Release|Any CPU
	EndGlobalSection
	GlobalSection(ProjectConfigurationPlatforms) = postSolution
		{6B43E342-8A1A-4D8D-8BC2-8C358598D0F2}.Debug|Any CPU.ActiveCfg = Debug|Any CPU
		{6B43E342-8A1A-4D8D-8BC2-8C358598D0F2}.Debug|Any CPU.Build.0 = Debug|Any CPU
		{6B43E342-8A1A-4D8D-8BC2-8C358598D0F2}.Release|Any CPU.ActiveCfg = Release|Any CPU
		{6B43E342-8A1A-4D8D-8BC2-8C358598D0F2}.Release|Any CPU.Build.0 = Release|Any CPU
		{ED8FC502-467A-4538-A973-4943B8191CE0}.Debug|Any CPU.ActiveCfg = Debug|Any CPU
		{ED8FC502-467A-4538-A973-4943B8191CE0}.Debug|Any CPU.Build.0 = Debug|Any CPU
		{ED8FC502-467A-4538-A973-4943B8191CE0}.Release|Any CPU.ActiveCfg = Release|Any CPU
		{ED8FC502-467A-4538-A973-4943B8191CE0}.Release|Any CPU.Build.0 = Release|Any CPU
		{63DEC716-EC12-4CBD-8A40-1E6927163BEC}.Debug|Any CPU.ActiveCfg = Debug|Any CPU
		{63DEC716-EC12-4CBD-8A40-1E6927163BEC}.Debug|Any CPU.Build.0 = Debug|Any CPU
		{63DEC716-EC12-4CBD-8A40-1E6927163BEC}.Release|Any CPU.ActiveCfg = Release|Any CPU
		{63DEC716-EC12-4CBD-8A40-1E6927163BEC}.Release|Any CPU.Build.0 = Release|Any CPU
		{8796FE57-383D-42C4-8AC6-C3F4AF31CA67}.Debug|Any CPU.ActiveCfg = Debug|Any CPU
		{8796FE57-383D-42C4-8AC6-C3F4AF31CA67}.Debug|Any CPU.Build.0 = Debug|Any CPU
		{8796FE57-383D-42C4-8AC6-C3F4AF31CA67}.Release|Any CPU.ActiveCfg = Release|Any CPU
		{8796FE57-383D-42C4-8AC6-C3F4AF31CA67}.Release|Any CPU.Build.0 = Release|Any CPU
		{13CEAFEC-C2F4-4D24-BC2D-EE22BD461B77}.Debug|Any CPU.ActiveCfg = Debug|Any CPU
		{13CEAFEC-C2F4-4D24-BC2D-EE22BD461B77}.Debug|Any CPU.Build.0 = Debug|Any CPU
		{13CEAFEC-C2F4-4D24-BC2D-EE22BD461B77}.Release|Any CPU.ActiveCfg = Release|Any CPU
		{13CEAFEC-C2F4-4D24-BC2D-EE22BD461B77}.Release|Any CPU.Build.0 = Release|Any CPU
		{39CF3C45-E947-498E-9E08-369BA207E54E}.Debug|Any CPU.ActiveCfg = Debug|Any CPU
		{39CF3C45-E947-498E-9E08-369BA207E54E}.Debug|Any CPU.Build.0 = Debug|Any CPU
		{39CF3C45-E947-498E-9E08-369BA207E54E}.Release|Any CPU.ActiveCfg = Release|Any CPU
		{39CF3C45-E947-498E-9E08-369BA207E54E}.Release|Any CPU.Build.0 = Release|Any CPU
		{CE983F58-EA78-46E9-816B-C434334CC07A}.Debug|Any CPU.ActiveCfg = Debug|Any CPU
		{CE983F58-EA78-46E9-816B-C434334CC07A}.Debug|Any CPU.Build.0 = Debug|Any CPU
		{CE983F58-EA78-46E9-816B-C434334CC07A}.Release|Any CPU.ActiveCfg = Release|Any CPU
		{CE983F58-EA78-46E9-816B-C434334CC07A}.Release|Any CPU.Build.0 = Release|Any CPU
		{AD4A89CA-A8F7-43E1-B169-DEFDA1B06E1C}.Debug|Any CPU.ActiveCfg = Debug|Any CPU
		{AD4A89CA-A8F7-43E1-B169-DEFDA1B06E1C}.Debug|Any CPU.Build.0 = Debug|Any CPU
		{AD4A89CA-A8F7-43E1-B169-DEFDA1B06E1C}.Release|Any CPU.ActiveCfg = Release|Any CPU
		{AD4A89CA-A8F7-43E1-B169-DEFDA1B06E1C}.Release|Any CPU.Build.0 = Release|Any CPU
		{B91B459A-B5BC-45EB-9807-80C00D96A728}.Debug|Any CPU.ActiveCfg = Debug|Any CPU
		{B91B459A-B5BC-45EB-9807-80C00D96A728}.Debug|Any CPU.Build.0 = Debug|Any CPU
		{B91B459A-B5BC-45EB-9807-80C00D96A728}.Release|Any CPU.ActiveCfg = Release|Any CPU
		{B91B459A-B5BC-45EB-9807-80C00D96A728}.Release|Any CPU.Build.0 = Release|Any CPU
		{1269FCBE-5125-4359-9EF2-6B7049829104}.Debug|Any CPU.ActiveCfg = Debug|Any CPU
		{1269FCBE-5125-4359-9EF2-6B7049829104}.Debug|Any CPU.Build.0 = Debug|Any CPU
		{1269FCBE-5125-4359-9EF2-6B7049829104}.Release|Any CPU.ActiveCfg = Release|Any CPU
		{1269FCBE-5125-4359-9EF2-6B7049829104}.Release|Any CPU.Build.0 = Release|Any CPU
		{BC7164A7-5B32-469C-8BDE-B7C1839F867D}.Debug|Any CPU.ActiveCfg = Debug|Any CPU
		{BC7164A7-5B32-469C-8BDE-B7C1839F867D}.Debug|Any CPU.Build.0 = Debug|Any CPU
		{BC7164A7-5B32-469C-8BDE-B7C1839F867D}.Release|Any CPU.ActiveCfg = Release|Any CPU
		{BC7164A7-5B32-469C-8BDE-B7C1839F867D}.Release|Any CPU.Build.0 = Release|Any CPU
		{C6D91416-1B49-4E7C-B903-48497D6823B9}.Debug|Any CPU.ActiveCfg = Debug|Any CPU
		{C6D91416-1B49-4E7C-B903-48497D6823B9}.Debug|Any CPU.Build.0 = Debug|Any CPU
		{C6D91416-1B49-4E7C-B903-48497D6823B9}.Release|Any CPU.ActiveCfg = Release|Any CPU
		{C6D91416-1B49-4E7C-B903-48497D6823B9}.Release|Any CPU.Build.0 = Release|Any CPU
		{D69806EC-50BD-4CE9-A07F-C1142302DD13}.Debug|Any CPU.ActiveCfg = Debug|Any CPU
		{D69806EC-50BD-4CE9-A07F-C1142302DD13}.Debug|Any CPU.Build.0 = Debug|Any CPU
		{D69806EC-50BD-4CE9-A07F-C1142302DD13}.Release|Any CPU.ActiveCfg = Release|Any CPU
		{D69806EC-50BD-4CE9-A07F-C1142302DD13}.Release|Any CPU.Build.0 = Release|Any CPU
		{3802C321-5A69-4696-B52C-1D0EA8E4B888}.Debug|Any CPU.ActiveCfg = Debug|Any CPU
		{3802C321-5A69-4696-B52C-1D0EA8E4B888}.Debug|Any CPU.Build.0 = Debug|Any CPU
		{3802C321-5A69-4696-B52C-1D0EA8E4B888}.Release|Any CPU.ActiveCfg = Release|Any CPU
		{3802C321-5A69-4696-B52C-1D0EA8E4B888}.Release|Any CPU.Build.0 = Release|Any CPU
		{9B2127E1-000E-42EA-AC4B-B1F72CE7162F}.Debug|Any CPU.ActiveCfg = Debug|Any CPU
		{9B2127E1-000E-42EA-AC4B-B1F72CE7162F}.Debug|Any CPU.Build.0 = Debug|Any CPU
		{9B2127E1-000E-42EA-AC4B-B1F72CE7162F}.Release|Any CPU.ActiveCfg = Release|Any CPU
		{9B2127E1-000E-42EA-AC4B-B1F72CE7162F}.Release|Any CPU.Build.0 = Release|Any CPU
		{7F12D7AB-1702-41A6-A621-AD22DADC13BA}.Debug|Any CPU.ActiveCfg = Debug|Any CPU
		{7F12D7AB-1702-41A6-A621-AD22DADC13BA}.Debug|Any CPU.Build.0 = Debug|Any CPU
		{7F12D7AB-1702-41A6-A621-AD22DADC13BA}.Release|Any CPU.ActiveCfg = Release|Any CPU
		{7F12D7AB-1702-41A6-A621-AD22DADC13BA}.Release|Any CPU.Build.0 = Release|Any CPU
		{ED819A1E-DB4A-4E8C-B0A3-505F968FF3DD}.Debug|Any CPU.ActiveCfg = Debug|Any CPU
		{ED819A1E-DB4A-4E8C-B0A3-505F968FF3DD}.Debug|Any CPU.Build.0 = Debug|Any CPU
		{ED819A1E-DB4A-4E8C-B0A3-505F968FF3DD}.Release|Any CPU.ActiveCfg = Release|Any CPU
		{ED819A1E-DB4A-4E8C-B0A3-505F968FF3DD}.Release|Any CPU.Build.0 = Release|Any CPU
		{1E320F20-9BA2-48C6-AD8A-6F9FE342B435}.Debug|Any CPU.ActiveCfg = Debug|Any CPU
		{1E320F20-9BA2-48C6-AD8A-6F9FE342B435}.Debug|Any CPU.Build.0 = Debug|Any CPU
		{1E320F20-9BA2-48C6-AD8A-6F9FE342B435}.Release|Any CPU.ActiveCfg = Release|Any CPU
		{1E320F20-9BA2-48C6-AD8A-6F9FE342B435}.Release|Any CPU.Build.0 = Release|Any CPU
		{2AFCE69F-2F30-44AB-8A4D-9AFBB1273759}.Debug|Any CPU.ActiveCfg = Debug|Any CPU
		{2AFCE69F-2F30-44AB-8A4D-9AFBB1273759}.Debug|Any CPU.Build.0 = Debug|Any CPU
		{2AFCE69F-2F30-44AB-8A4D-9AFBB1273759}.Release|Any CPU.ActiveCfg = Release|Any CPU
		{2AFCE69F-2F30-44AB-8A4D-9AFBB1273759}.Release|Any CPU.Build.0 = Release|Any CPU
		{2233D1D4-BA0C-48C8-9E00-AECA7FF5985C}.Debug|Any CPU.ActiveCfg = Debug|Any CPU
		{2233D1D4-BA0C-48C8-9E00-AECA7FF5985C}.Debug|Any CPU.Build.0 = Debug|Any CPU
		{2233D1D4-BA0C-48C8-9E00-AECA7FF5985C}.Release|Any CPU.ActiveCfg = Release|Any CPU
		{2233D1D4-BA0C-48C8-9E00-AECA7FF5985C}.Release|Any CPU.Build.0 = Release|Any CPU
		{BE29C537-9A83-450D-A49B-F4E3F67FCCDD}.Debug|Any CPU.ActiveCfg = Debug|Any CPU
		{BE29C537-9A83-450D-A49B-F4E3F67FCCDD}.Debug|Any CPU.Build.0 = Debug|Any CPU
		{BE29C537-9A83-450D-A49B-F4E3F67FCCDD}.Release|Any CPU.ActiveCfg = Release|Any CPU
		{BE29C537-9A83-450D-A49B-F4E3F67FCCDD}.Release|Any CPU.Build.0 = Release|Any CPU
		{63AEED42-2FCD-4ACC-8633-2B1E40E1A640}.Debug|Any CPU.ActiveCfg = Debug|Any CPU
		{63AEED42-2FCD-4ACC-8633-2B1E40E1A640}.Debug|Any CPU.Build.0 = Debug|Any CPU
		{63AEED42-2FCD-4ACC-8633-2B1E40E1A640}.Release|Any CPU.ActiveCfg = Release|Any CPU
		{63AEED42-2FCD-4ACC-8633-2B1E40E1A640}.Release|Any CPU.Build.0 = Release|Any CPU
		{B8273BFC-F1E8-4AC6-8265-60AD28B812B3}.Debug|Any CPU.ActiveCfg = Debug|Any CPU
		{B8273BFC-F1E8-4AC6-8265-60AD28B812B3}.Debug|Any CPU.Build.0 = Debug|Any CPU
		{B8273BFC-F1E8-4AC6-8265-60AD28B812B3}.Release|Any CPU.ActiveCfg = Release|Any CPU
		{B8273BFC-F1E8-4AC6-8265-60AD28B812B3}.Release|Any CPU.Build.0 = Release|Any CPU
		{68090ABB-2724-4859-95E3-470F55F0DCC5}.Debug|Any CPU.ActiveCfg = Debug|Any CPU
		{68090ABB-2724-4859-95E3-470F55F0DCC5}.Debug|Any CPU.Build.0 = Debug|Any CPU
		{68090ABB-2724-4859-95E3-470F55F0DCC5}.Release|Any CPU.ActiveCfg = Release|Any CPU
		{68090ABB-2724-4859-95E3-470F55F0DCC5}.Release|Any CPU.Build.0 = Release|Any CPU
		{07D32EC8-2F26-4BED-A7E8-31524DB042E2}.Debug|Any CPU.ActiveCfg = Debug|Any CPU
		{07D32EC8-2F26-4BED-A7E8-31524DB042E2}.Debug|Any CPU.Build.0 = Debug|Any CPU
		{07D32EC8-2F26-4BED-A7E8-31524DB042E2}.Release|Any CPU.ActiveCfg = Release|Any CPU
		{07D32EC8-2F26-4BED-A7E8-31524DB042E2}.Release|Any CPU.Build.0 = Release|Any CPU
		{28965B81-DC02-4E50-AE97-2937A3E2B8C7}.Debug|Any CPU.ActiveCfg = Debug|Any CPU
		{28965B81-DC02-4E50-AE97-2937A3E2B8C7}.Debug|Any CPU.Build.0 = Debug|Any CPU
		{28965B81-DC02-4E50-AE97-2937A3E2B8C7}.Release|Any CPU.ActiveCfg = Release|Any CPU
		{28965B81-DC02-4E50-AE97-2937A3E2B8C7}.Release|Any CPU.Build.0 = Release|Any CPU
		{18E82561-82D1-42E8-BA48-D1AA52C3B64F}.Debug|Any CPU.ActiveCfg = Debug|Any CPU
		{18E82561-82D1-42E8-BA48-D1AA52C3B64F}.Debug|Any CPU.Build.0 = Debug|Any CPU
		{18E82561-82D1-42E8-BA48-D1AA52C3B64F}.Release|Any CPU.ActiveCfg = Release|Any CPU
		{18E82561-82D1-42E8-BA48-D1AA52C3B64F}.Release|Any CPU.Build.0 = Release|Any CPU
		{9F1B5796-644B-4DA4-8232-37E79B186A73}.Debug|Any CPU.ActiveCfg = Debug|Any CPU
		{9F1B5796-644B-4DA4-8232-37E79B186A73}.Debug|Any CPU.Build.0 = Debug|Any CPU
		{9F1B5796-644B-4DA4-8232-37E79B186A73}.Release|Any CPU.ActiveCfg = Release|Any CPU
		{9F1B5796-644B-4DA4-8232-37E79B186A73}.Release|Any CPU.Build.0 = Release|Any CPU
	EndGlobalSection
	GlobalSection(SolutionProperties) = preSolution
		HideSolutionNode = FALSE
	EndGlobalSection
	GlobalSection(NestedProjects) = preSolution
		{7620DF7A-D12B-47FF-BB58-85DDA8A1A471} = {4623D0F5-B2E7-460A-BAA0-0F7068FE8116}
		{7F23EC99-8BD1-42CA-BB17-190B9CBE5B35} = {D0E7F4CB-9B0F-4FC2-8B60-D889BE33E25C}
		{6B43E342-8A1A-4D8D-8BC2-8C358598D0F2} = {7F23EC99-8BD1-42CA-BB17-190B9CBE5B35}
		{167543F9-AC43-4BEE-97C9-DA6EDBEEDAC4} = {4623D0F5-B2E7-460A-BAA0-0F7068FE8116}
		{8C693ECB-62DC-4FD5-8CF6-95F5968648E6} = {D0E7F4CB-9B0F-4FC2-8B60-D889BE33E25C}
		{ED8FC502-467A-4538-A973-4943B8191CE0} = {8C693ECB-62DC-4FD5-8CF6-95F5968648E6}
		{63DEC716-EC12-4CBD-8A40-1E6927163BEC} = {167543F9-AC43-4BEE-97C9-DA6EDBEEDAC4}
		{180493B3-42BA-480A-874C-2D2FD007E7C0} = {D0E7F4CB-9B0F-4FC2-8B60-D889BE33E25C}
		{8796FE57-383D-42C4-8AC6-C3F4AF31CA67} = {167543F9-AC43-4BEE-97C9-DA6EDBEEDAC4}
		{13CEAFEC-C2F4-4D24-BC2D-EE22BD461B77} = {167543F9-AC43-4BEE-97C9-DA6EDBEEDAC4}
		{39CF3C45-E947-498E-9E08-369BA207E54E} = {180493B3-42BA-480A-874C-2D2FD007E7C0}
		{CE983F58-EA78-46E9-816B-C434334CC07A} = {167543F9-AC43-4BEE-97C9-DA6EDBEEDAC4}
		{AD4A89CA-A8F7-43E1-B169-DEFDA1B06E1C} = {7620DF7A-D12B-47FF-BB58-85DDA8A1A471}
		{B91B459A-B5BC-45EB-9807-80C00D96A728} = {7620DF7A-D12B-47FF-BB58-85DDA8A1A471}
		{1269FCBE-5125-4359-9EF2-6B7049829104} = {7620DF7A-D12B-47FF-BB58-85DDA8A1A471}
		{BC7164A7-5B32-469C-8BDE-B7C1839F867D} = {7620DF7A-D12B-47FF-BB58-85DDA8A1A471}
		{C6D91416-1B49-4E7C-B903-48497D6823B9} = {7620DF7A-D12B-47FF-BB58-85DDA8A1A471}
		{D69806EC-50BD-4CE9-A07F-C1142302DD13} = {7620DF7A-D12B-47FF-BB58-85DDA8A1A471}
		{3802C321-5A69-4696-B52C-1D0EA8E4B888} = {7620DF7A-D12B-47FF-BB58-85DDA8A1A471}
		{9B2127E1-000E-42EA-AC4B-B1F72CE7162F} = {7620DF7A-D12B-47FF-BB58-85DDA8A1A471}
		{7F12D7AB-1702-41A6-A621-AD22DADC13BA} = {7620DF7A-D12B-47FF-BB58-85DDA8A1A471}
		{ED819A1E-DB4A-4E8C-B0A3-505F968FF3DD} = {167543F9-AC43-4BEE-97C9-DA6EDBEEDAC4}
		{1E320F20-9BA2-48C6-AD8A-6F9FE342B435} = {167543F9-AC43-4BEE-97C9-DA6EDBEEDAC4}
		{2AFCE69F-2F30-44AB-8A4D-9AFBB1273759} = {D0E7F4CB-9B0F-4FC2-8B60-D889BE33E25C}
		{2233D1D4-BA0C-48C8-9E00-AECA7FF5985C} = {167543F9-AC43-4BEE-97C9-DA6EDBEEDAC4}
		{BE29C537-9A83-450D-A49B-F4E3F67FCCDD} = {167543F9-AC43-4BEE-97C9-DA6EDBEEDAC4}
		{63AEED42-2FCD-4ACC-8633-2B1E40E1A640} = {167543F9-AC43-4BEE-97C9-DA6EDBEEDAC4}
		{C4CB4F8F-EBE4-4313-BEC8-9F92B2C1A319} = {4623D0F5-B2E7-460A-BAA0-0F7068FE8116}
		{B8273BFC-F1E8-4AC6-8265-60AD28B812B3} = {C4CB4F8F-EBE4-4313-BEC8-9F92B2C1A319}
		{68090ABB-2724-4859-95E3-470F55F0DCC5} = {167543F9-AC43-4BEE-97C9-DA6EDBEEDAC4}
		{230DBE0C-2406-4F72-9206-C5D84F847177} = {4623D0F5-B2E7-460A-BAA0-0F7068FE8116}
		{07D32EC8-2F26-4BED-A7E8-31524DB042E2} = {230DBE0C-2406-4F72-9206-C5D84F847177}
		{28965B81-DC02-4E50-AE97-2937A3E2B8C7} = {230DBE0C-2406-4F72-9206-C5D84F847177}
		{18E82561-82D1-42E8-BA48-D1AA52C3B64F} = {230DBE0C-2406-4F72-9206-C5D84F847177}
		{9F1B5796-644B-4DA4-8232-37E79B186A73} = {230DBE0C-2406-4F72-9206-C5D84F847177}
	EndGlobalSection
EndGlobal
